
Microsoft Visual Studio Solution File, Format Version 12.00
# Visual Studio Version 16
VisualStudioVersion = 16.0.31911.196
MinimumVisualStudioVersion = 10.0.40219.1
Project("{FAE04EC0-301F-11D3-BF4B-00C04F79EFBC}") = "Homework2DrawingSystem", "Homework2DrawingSystem\Homework2DrawingSystem.csproj", "{337221C7-7F51-40D4-A322-232F18C2D2EB}"
EndProject
Project("{FAE04EC0-301F-11D3-BF4B-00C04F79EFBC}") = "Homework2DrawingSystemTests", "Homework2DrawingSystemTests\Homework2DrawingSystemTests.csproj", "{0E75FC1D-B8BE-4340-8D08-3E3B82D9FE23}"
EndProject
Project("{FAE04EC0-301F-11D3-BF4B-00C04F79EFBC}") = "DrawingSystemApp", "..\DrawingSystemApp\DrawingSystemApp\DrawingSystemApp.csproj", "{BE81E8A8-5A76-4784-8517-C11B97F5F2FD}"
EndProject
Project("{FAE04EC0-301F-11D3-BF4B-00C04F79EFBC}") = "DrawingSystemAppTest", "..\DrawingSystemApp\DrawingSystemAppTest\DrawingSystemAppTest.csproj", "{DDBA5E3D-A0BA-4566-9CDD-31728E19945E}"
EndProject
Global
	GlobalSection(SolutionConfigurationPlatforms) = preSolution
		Debug|Any CPU = Debug|Any CPU
		Debug|ARM = Debug|ARM
		Debug|ARM64 = Debug|ARM64
		Debug|x64 = Debug|x64
		Debug|x86 = Debug|x86
		Release|Any CPU = Release|Any CPU
		Release|ARM = Release|ARM
		Release|ARM64 = Release|ARM64
		Release|x64 = Release|x64
		Release|x86 = Release|x86
	EndGlobalSection
	GlobalSection(ProjectConfigurationPlatforms) = postSolution
		{337221C7-7F51-40D4-A322-232F18C2D2EB}.Debug|Any CPU.ActiveCfg = Debug|Any CPU
		{337221C7-7F51-40D4-A322-232F18C2D2EB}.Debug|Any CPU.Build.0 = Debug|Any CPU
		{337221C7-7F51-40D4-A322-232F18C2D2EB}.Debug|ARM.ActiveCfg = Debug|Any CPU
		{337221C7-7F51-40D4-A322-232F18C2D2EB}.Debug|ARM.Build.0 = Debug|Any CPU
		{337221C7-7F51-40D4-A322-232F18C2D2EB}.Debug|ARM64.ActiveCfg = Debug|Any CPU
		{337221C7-7F51-40D4-A322-232F18C2D2EB}.Debug|ARM64.Build.0 = Debug|Any CPU
		{337221C7-7F51-40D4-A322-232F18C2D2EB}.Debug|x64.ActiveCfg = Debug|Any CPU
		{337221C7-7F51-40D4-A322-232F18C2D2EB}.Debug|x64.Build.0 = Debug|Any CPU
		{337221C7-7F51-40D4-A322-232F18C2D2EB}.Debug|x86.ActiveCfg = Debug|Any CPU
		{337221C7-7F51-40D4-A322-232F18C2D2EB}.Debug|x86.Build.0 = Debug|Any CPU
		{337221C7-7F51-40D4-A322-232F18C2D2EB}.Release|Any CPU.ActiveCfg = Release|Any CPU
		{337221C7-7F51-40D4-A322-232F18C2D2EB}.Release|Any CPU.Build.0 = Release|Any CPU
		{337221C7-7F51-40D4-A322-232F18C2D2EB}.Release|ARM.ActiveCfg = Release|Any CPU
		{337221C7-7F51-40D4-A322-232F18C2D2EB}.Release|ARM.Build.0 = Release|Any CPU
		{337221C7-7F51-40D4-A322-232F18C2D2EB}.Release|ARM64.ActiveCfg = Release|Any CPU
		{337221C7-7F51-40D4-A322-232F18C2D2EB}.Release|ARM64.Build.0 = Release|Any CPU
		{337221C7-7F51-40D4-A322-232F18C2D2EB}.Release|x64.ActiveCfg = Release|Any CPU
		{337221C7-7F51-40D4-A322-232F18C2D2EB}.Release|x64.Build.0 = Release|Any CPU
		{337221C7-7F51-40D4-A322-232F18C2D2EB}.Release|x86.ActiveCfg = Release|Any CPU
		{337221C7-7F51-40D4-A322-232F18C2D2EB}.Release|x86.Build.0 = Release|Any CPU
		{0E75FC1D-B8BE-4340-8D08-3E3B82D9FE23}.Debug|Any CPU.ActiveCfg = Debug|Any CPU
		{0E75FC1D-B8BE-4340-8D08-3E3B82D9FE23}.Debug|Any CPU.Build.0 = Debug|Any CPU
		{0E75FC1D-B8BE-4340-8D08-3E3B82D9FE23}.Debug|ARM.ActiveCfg = Debug|Any CPU
		{0E75FC1D-B8BE-4340-8D08-3E3B82D9FE23}.Debug|ARM.Build.0 = Debug|Any CPU
		{0E75FC1D-B8BE-4340-8D08-3E3B82D9FE23}.Debug|ARM64.ActiveCfg = Debug|Any CPU
		{0E75FC1D-B8BE-4340-8D08-3E3B82D9FE23}.Debug|ARM64.Build.0 = Debug|Any CPU
		{0E75FC1D-B8BE-4340-8D08-3E3B82D9FE23}.Debug|x64.ActiveCfg = Debug|Any CPU
		{0E75FC1D-B8BE-4340-8D08-3E3B82D9FE23}.Debug|x64.Build.0 = Debug|Any CPU
		{0E75FC1D-B8BE-4340-8D08-3E3B82D9FE23}.Debug|x86.ActiveCfg = Debug|Any CPU
		{0E75FC1D-B8BE-4340-8D08-3E3B82D9FE23}.Debug|x86.Build.0 = Debug|Any CPU
		{0E75FC1D-B8BE-4340-8D08-3E3B82D9FE23}.Release|Any CPU.ActiveCfg = Release|Any CPU
		{0E75FC1D-B8BE-4340-8D08-3E3B82D9FE23}.Release|Any CPU.Build.0 = Release|Any CPU
		{0E75FC1D-B8BE-4340-8D08-3E3B82D9FE23}.Release|ARM.ActiveCfg = Release|Any CPU
		{0E75FC1D-B8BE-4340-8D08-3E3B82D9FE23}.Release|ARM.Build.0 = Release|Any CPU
		{0E75FC1D-B8BE-4340-8D08-3E3B82D9FE23}.Release|ARM64.ActiveCfg = Release|Any CPU
		{0E75FC1D-B8BE-4340-8D08-3E3B82D9FE23}.Release|ARM64.Build.0 = Release|Any CPU
		{0E75FC1D-B8BE-4340-8D08-3E3B82D9FE23}.Release|x64.ActiveCfg = Release|Any CPU
		{0E75FC1D-B8BE-4340-8D08-3E3B82D9FE23}.Release|x64.Build.0 = Release|Any CPU
		{0E75FC1D-B8BE-4340-8D08-3E3B82D9FE23}.Release|x86.ActiveCfg = Release|Any CPU
		{0E75FC1D-B8BE-4340-8D08-3E3B82D9FE23}.Release|x86.Build.0 = Release|Any CPU
		{BE81E8A8-5A76-4784-8517-C11B97F5F2FD}.Debug|Any CPU.ActiveCfg = Debug|x86
		{BE81E8A8-5A76-4784-8517-C11B97F5F2FD}.Debug|ARM.ActiveCfg = Debug|ARM
		{BE81E8A8-5A76-4784-8517-C11B97F5F2FD}.Debug|ARM.Build.0 = Debug|ARM
		{BE81E8A8-5A76-4784-8517-C11B97F5F2FD}.Debug|ARM.Deploy.0 = Debug|ARM
		{BE81E8A8-5A76-4784-8517-C11B97F5F2FD}.Debug|ARM64.ActiveCfg = Debug|ARM64
		{BE81E8A8-5A76-4784-8517-C11B97F5F2FD}.Debug|ARM64.Build.0 = Debug|ARM64
		{BE81E8A8-5A76-4784-8517-C11B97F5F2FD}.Debug|ARM64.Deploy.0 = Debug|ARM64
		{BE81E8A8-5A76-4784-8517-C11B97F5F2FD}.Debug|x64.ActiveCfg = Debug|x64
		{BE81E8A8-5A76-4784-8517-C11B97F5F2FD}.Debug|x64.Build.0 = Debug|x64
		{BE81E8A8-5A76-4784-8517-C11B97F5F2FD}.Debug|x64.Deploy.0 = Debug|x64
		{BE81E8A8-5A76-4784-8517-C11B97F5F2FD}.Debug|x86.ActiveCfg = Debug|x86
		{BE81E8A8-5A76-4784-8517-C11B97F5F2FD}.Debug|x86.Build.0 = Debug|x86
		{BE81E8A8-5A76-4784-8517-C11B97F5F2FD}.Debug|x86.Deploy.0 = Debug|x86
		{BE81E8A8-5A76-4784-8517-C11B97F5F2FD}.Release|Any CPU.ActiveCfg = Release|x86
		{BE81E8A8-5A76-4784-8517-C11B97F5F2FD}.Release|ARM.ActiveCfg = Release|ARM
		{BE81E8A8-5A76-4784-8517-C11B97F5F2FD}.Release|ARM.Build.0 = Release|ARM
		{BE81E8A8-5A76-4784-8517-C11B97F5F2FD}.Release|ARM.Deploy.0 = Release|ARM
		{BE81E8A8-5A76-4784-8517-C11B97F5F2FD}.Release|ARM64.ActiveCfg = Release|ARM64
		{BE81E8A8-5A76-4784-8517-C11B97F5F2FD}.Release|ARM64.Build.0 = Release|ARM64
		{BE81E8A8-5A76-4784-8517-C11B97F5F2FD}.Release|ARM64.Deploy.0 = Release|ARM64
		{BE81E8A8-5A76-4784-8517-C11B97F5F2FD}.Release|x64.ActiveCfg = Release|x64
		{BE81E8A8-5A76-4784-8517-C11B97F5F2FD}.Release|x64.Build.0 = Release|x64
		{BE81E8A8-5A76-4784-8517-C11B97F5F2FD}.Release|x64.Deploy.0 = Release|x64
		{BE81E8A8-5A76-4784-8517-C11B97F5F2FD}.Release|x86.ActiveCfg = Release|x86
		{BE81E8A8-5A76-4784-8517-C11B97F5F2FD}.Release|x86.Build.0 = Release|x86
		{BE81E8A8-5A76-4784-8517-C11B97F5F2FD}.Release|x86.Deploy.0 = Release|x86
		{DDBA5E3D-A0BA-4566-9CDD-31728E19945E}.Debug|Any CPU.ActiveCfg = Debug|x86
		{DDBA5E3D-A0BA-4566-9CDD-31728E19945E}.Debug|ARM.ActiveCfg = Debug|ARM
		{DDBA5E3D-A0BA-4566-9CDD-31728E19945E}.Debug|ARM.Build.0 = Debug|ARM
		{DDBA5E3D-A0BA-4566-9CDD-31728E19945E}.Debug|ARM.Deploy.0 = Debug|ARM
		{DDBA5E3D-A0BA-4566-9CDD-31728E19945E}.Debug|ARM64.ActiveCfg = Debug|ARM64
		{DDBA5E3D-A0BA-4566-9CDD-31728E19945E}.Debug|ARM64.Build.0 = Debug|ARM64
		{DDBA5E3D-A0BA-4566-9CDD-31728E19945E}.Debug|ARM64.Deploy.0 = Debug|ARM64
		{DDBA5E3D-A0BA-4566-9CDD-31728E19945E}.Debug|x64.ActiveCfg = Debug|x64
		{DDBA5E3D-A0BA-4566-9CDD-31728E19945E}.Debug|x64.Build.0 = Debug|x64
		{DDBA5E3D-A0BA-4566-9CDD-31728E19945E}.Debug|x64.Deploy.0 = Debug|x64
		{DDBA5E3D-A0BA-4566-9CDD-31728E19945E}.Debug|x86.ActiveCfg = Debug|x86
		{DDBA5E3D-A0BA-4566-9CDD-31728E19945E}.Debug|x86.Build.0 = Debug|x86
		{DDBA5E3D-A0BA-4566-9CDD-31728E19945E}.Debug|x86.Deploy.0 = Debug|x86
		{DDBA5E3D-A0BA-4566-9CDD-31728E19945E}.Release|Any CPU.ActiveCfg = Release|x86
		{DDBA5E3D-A0BA-4566-9CDD-31728E19945E}.Release|ARM.ActiveCfg = Release|ARM
		{DDBA5E3D-A0BA-4566-9CDD-31728E19945E}.Release|ARM.Build.0 = Release|ARM
		{DDBA5E3D-A0BA-4566-9CDD-31728E19945E}.Release|ARM.Deploy.0 = Release|ARM
		{DDBA5E3D-A0BA-4566-9CDD-31728E19945E}.Release|ARM64.ActiveCfg = Release|ARM64
		{DDBA5E3D-A0BA-4566-9CDD-31728E19945E}.Release|ARM64.Build.0 = Release|ARM64
		{DDBA5E3D-A0BA-4566-9CDD-31728E19945E}.Release|ARM64.Deploy.0 = Release|ARM64
		{DDBA5E3D-A0BA-4566-9CDD-31728E19945E}.Release|x64.ActiveCfg = Release|x64
		{DDBA5E3D-A0BA-4566-9CDD-31728E19945E}.Release|x64.Build.0 = Release|x64
		{DDBA5E3D-A0BA-4566-9CDD-31728E19945E}.Release|x64.Deploy.0 = Release|x64
		{DDBA5E3D-A0BA-4566-9CDD-31728E19945E}.Release|x86.ActiveCfg = Release|x86
		{DDBA5E3D-A0BA-4566-9CDD-31728E19945E}.Release|x86.Build.0 = Release|x86
		{DDBA5E3D-A0BA-4566-9CDD-31728E19945E}.Release|x86.Deploy.0 = Release|x86
	EndGlobalSection
	GlobalSection(SolutionProperties) = preSolution
		HideSolutionNode = FALSE
	EndGlobalSection
	GlobalSection(ExtensibilityGlobals) = postSolution
		SolutionGuid = {B570FD36-FC97-4F18-B929-4D3F125B8B6B}
	EndGlobalSection
EndGlobal
